
Microsoft Visual Studio Solution File, Format Version 12.00
# Visual Studio Version 17
VisualStudioVersion = 17.5.002.0
MinimumVisualStudioVersion = 10.0.40219.1
Project("{9A19103F-16F7-4668-BE54-9A1E7A4F7556}") = "api", "api.csproj", "{68C29423-7D1B-4352-8105-DD21FB6E898C}"
EndProject
Global
	GlobalSection(SolutionConfigurationPlatforms) = preSolution
		Debug|Any CPU = Debug|Any CPU
		Release|Any CPU = Release|Any CPU
	EndGlobalSection
	GlobalSection(ProjectConfigurationPlatforms) = postSolution
		{68C29423-7D1B-4352-8105-DD21FB6E898C}.Debug|Any CPU.ActiveCfg = Debug|Any CPU
		{68C29423-7D1B-4352-8105-DD21FB6E898C}.Debug|Any CPU.Build.0 = Debug|Any CPU
		{68C29423-7D1B-4352-8105-DD21FB6E898C}.Release|Any CPU.ActiveCfg = Release|Any CPU
		{68C29423-7D1B-4352-8105-DD21FB6E898C}.Release|Any CPU.Build.0 = Release|Any CPU
	EndGlobalSection
	GlobalSection(SolutionProperties) = preSolution
		HideSolutionNode = FALSE
	EndGlobalSection
	GlobalSection(ExtensibilityGlobals) = postSolution
		SolutionGuid = {3F7756F7-1F86-4536-9F08-F976EA739624}
	EndGlobalSection
EndGlobal
